
Microsoft Visual Studio Solution File, Format Version 12.00
# Visual Studio 2013
VisualStudioVersion = 12.0.20617.1 PREVIEW
MinimumVisualStudioVersion = 10.0.40219.1
Project("{2150E333-8FDC-42A3-9474-1A3956D46DE8}") = "Solution Items", "Solution Items", "{F713EC16-31A1-47AA-B2FB-41E879EC6D0A}"
	ProjectSection(SolutionItems) = preProject
		Local.testsettings = Local.testsettings
		Readme.txt = Readme.txt
		src\SolutionInfo.cs = src\SolutionInfo.cs
		src\specificity.mbunit.nuspec = src\specificity.mbunit.nuspec
		src\specificity.mstest.nuspec = src\specificity.mstest.nuspec
		src\specificity.nunit.nuspec = src\specificity.nunit.nuspec
		src\specificity.xunit.nuspec = src\specificity.xunit.nuspec
		Specificity2.vsmdi = Specificity2.vsmdi
		TraceAndTestImpact.testsettings = TraceAndTestImpact.testsettings
	EndProjectSection
EndProject
Project("{2150E333-8FDC-42A3-9474-1A3956D46DE8}") = "Tests", "Tests", "{F6F85D33-AB70-409E-881E-A578C73A8C5E}"
EndProject
Project("{FAE04EC0-301F-11D3-BF4B-00C04F79EFBC}") = "Specificity.MSTest", "src\Specificity.MSTest\Specificity.MSTest.csproj", "{57902A21-06EC-41AB-A7A5-FD23F4CBEA8E}"
EndProject
Project("{FAE04EC0-301F-11D3-BF4B-00C04F79EFBC}") = "Specificity.MbUnit", "src\Specificity.MbUnit\Specificity.MbUnit.csproj", "{52645716-2938-4C27-AFC9-111083243CDE}"
EndProject
Project("{FAE04EC0-301F-11D3-BF4B-00C04F79EFBC}") = "Specificity.XUnit", "src\Specificity.XUnit\Specificity.XUnit.csproj", "{ADA3A388-4B7E-459A-9BB6-18A1D57C098B}"
EndProject
Project("{FAE04EC0-301F-11D3-BF4B-00C04F79EFBC}") = "Specificity.NUnit", "src\Specificity.NUnit\Specificity.NUnit.csproj", "{AB6462AA-7DFB-4756-908E-5044D20F1B76}"
EndProject
Project("{FAE04EC0-301F-11D3-BF4B-00C04F79EFBC}") = "Specificity", "src\Specificity\Specificity.csproj", "{52EF5DF6-979E-4C66-8C8C-53E78DBBBD64}"
EndProject
Project("{2150E333-8FDC-42A3-9474-1A3956D46DE8}") = ".build", ".build", "{C22F5933-7070-4BFF-92EA-C4FE4C172A66}"
	ProjectSection(SolutionItems) = preProject
		Build.proj = Build.proj
		.build\MSBuild.Community.Tasks.dll = .build\MSBuild.Community.Tasks.dll
		.build\MSBuild.Community.Tasks.targets = .build\MSBuild.Community.Tasks.targets
	EndProjectSection
EndProject
Project("{FAE04EC0-301F-11D3-BF4B-00C04F79EFBC}") = "Specificity.Tests", "src\tests\Specificity.Tests\Specificity.Tests.csproj", "{539076DE-DA3C-40A9-9ECE-0B8DD38D5493}"
EndProject
Project("{FAE04EC0-301F-11D3-BF4B-00C04F79EFBC}") = "Specificity.NUnit.Tests", "src\tests\Specificity.NUnit.Tests\Specificity.NUnit.Tests.csproj", "{F298D777-76AF-4788-8D5D-C5298811ED82}"
EndProject
Project("{FAE04EC0-301F-11D3-BF4B-00C04F79EFBC}") = "Specificity.MbUnit.Tests", "src\tests\Specificity.MbUnit.Tests\Specificity.MbUnit.Tests.csproj", "{5162CA63-DCF6-47F3-B81B-8AA087EF089B}"
EndProject
Project("{FAE04EC0-301F-11D3-BF4B-00C04F79EFBC}") = "Specificity.XUnit.Tests", "src\tests\Specificity.XUnit.Tests\Specificity.XUnit.Tests.csproj", "{C3CFCDBD-2A78-4282-ADD4-97A8812B0841}"
EndProject
Global
	GlobalSection(TestCaseManagementSettings) = postSolution
		CategoryFile = Specificity2.vsmdi
	EndGlobalSection
	GlobalSection(SolutionConfigurationPlatforms) = preSolution
		Debug|Any CPU = Debug|Any CPU
		Release|Any CPU = Release|Any CPU
	EndGlobalSection
	GlobalSection(ProjectConfigurationPlatforms) = postSolution
		{57902A21-06EC-41AB-A7A5-FD23F4CBEA8E}.Debug|Any CPU.ActiveCfg = Debug|Any CPU
		{57902A21-06EC-41AB-A7A5-FD23F4CBEA8E}.Debug|Any CPU.Build.0 = Debug|Any CPU
		{57902A21-06EC-41AB-A7A5-FD23F4CBEA8E}.Release|Any CPU.ActiveCfg = Release|Any CPU
		{57902A21-06EC-41AB-A7A5-FD23F4CBEA8E}.Release|Any CPU.Build.0 = Release|Any CPU
		{52645716-2938-4C27-AFC9-111083243CDE}.Debug|Any CPU.ActiveCfg = Debug|Any CPU
		{52645716-2938-4C27-AFC9-111083243CDE}.Debug|Any CPU.Build.0 = Debug|Any CPU
		{52645716-2938-4C27-AFC9-111083243CDE}.Release|Any CPU.ActiveCfg = Release|Any CPU
		{52645716-2938-4C27-AFC9-111083243CDE}.Release|Any CPU.Build.0 = Release|Any CPU
		{ADA3A388-4B7E-459A-9BB6-18A1D57C098B}.Debug|Any CPU.ActiveCfg = Debug|Any CPU
		{ADA3A388-4B7E-459A-9BB6-18A1D57C098B}.Debug|Any CPU.Build.0 = Debug|Any CPU
		{ADA3A388-4B7E-459A-9BB6-18A1D57C098B}.Release|Any CPU.ActiveCfg = Release|Any CPU
		{ADA3A388-4B7E-459A-9BB6-18A1D57C098B}.Release|Any CPU.Build.0 = Release|Any CPU
		{AB6462AA-7DFB-4756-908E-5044D20F1B76}.Debug|Any CPU.ActiveCfg = Debug|Any CPU
		{AB6462AA-7DFB-4756-908E-5044D20F1B76}.Debug|Any CPU.Build.0 = Debug|Any CPU
		{AB6462AA-7DFB-4756-908E-5044D20F1B76}.Release|Any CPU.ActiveCfg = Release|Any CPU
		{AB6462AA-7DFB-4756-908E-5044D20F1B76}.Release|Any CPU.Build.0 = Release|Any CPU
		{52EF5DF6-979E-4C66-8C8C-53E78DBBBD64}.Debug|Any CPU.ActiveCfg = Debug|Any CPU
		{52EF5DF6-979E-4C66-8C8C-53E78DBBBD64}.Debug|Any CPU.Build.0 = Debug|Any CPU
		{52EF5DF6-979E-4C66-8C8C-53E78DBBBD64}.Release|Any CPU.ActiveCfg = Release|Any CPU
		{52EF5DF6-979E-4C66-8C8C-53E78DBBBD64}.Release|Any CPU.Build.0 = Release|Any CPU
		{539076DE-DA3C-40A9-9ECE-0B8DD38D5493}.Debug|Any CPU.ActiveCfg = Debug|Any CPU
		{539076DE-DA3C-40A9-9ECE-0B8DD38D5493}.Debug|Any CPU.Build.0 = Debug|Any CPU
		{539076DE-DA3C-40A9-9ECE-0B8DD38D5493}.Release|Any CPU.ActiveCfg = Release|Any CPU
		{539076DE-DA3C-40A9-9ECE-0B8DD38D5493}.Release|Any CPU.Build.0 = Release|Any CPU
		{F298D777-76AF-4788-8D5D-C5298811ED82}.Debug|Any CPU.ActiveCfg = Debug|Any CPU
		{F298D777-76AF-4788-8D5D-C5298811ED82}.Debug|Any CPU.Build.0 = Debug|Any CPU
		{F298D777-76AF-4788-8D5D-C5298811ED82}.Release|Any CPU.ActiveCfg = Release|Any CPU
		{F298D777-76AF-4788-8D5D-C5298811ED82}.Release|Any CPU.Build.0 = Release|Any CPU
		{5162CA63-DCF6-47F3-B81B-8AA087EF089B}.Debug|Any CPU.ActiveCfg = Debug|Any CPU
		{5162CA63-DCF6-47F3-B81B-8AA087EF089B}.Debug|Any CPU.Build.0 = Debug|Any CPU
		{5162CA63-DCF6-47F3-B81B-8AA087EF089B}.Release|Any CPU.ActiveCfg = Release|Any CPU
		{5162CA63-DCF6-47F3-B81B-8AA087EF089B}.Release|Any CPU.Build.0 = Release|Any CPU
		{C3CFCDBD-2A78-4282-ADD4-97A8812B0841}.Debug|Any CPU.ActiveCfg = Debug|Any CPU
		{C3CFCDBD-2A78-4282-ADD4-97A8812B0841}.Debug|Any CPU.Build.0 = Debug|Any CPU
		{C3CFCDBD-2A78-4282-ADD4-97A8812B0841}.Release|Any CPU.ActiveCfg = Release|Any CPU
		{C3CFCDBD-2A78-4282-ADD4-97A8812B0841}.Release|Any CPU.Build.0 = Release|Any CPU
	EndGlobalSection
	GlobalSection(SolutionProperties) = preSolution
		HideSolutionNode = FALSE
	EndGlobalSection
	GlobalSection(NestedProjects) = preSolution
		{539076DE-DA3C-40A9-9ECE-0B8DD38D5493} = {F6F85D33-AB70-409E-881E-A578C73A8C5E}
		{F298D777-76AF-4788-8D5D-C5298811ED82} = {F6F85D33-AB70-409E-881E-A578C73A8C5E}
		{5162CA63-DCF6-47F3-B81B-8AA087EF089B} = {F6F85D33-AB70-409E-881E-A578C73A8C5E}
		{C3CFCDBD-2A78-4282-ADD4-97A8812B0841} = {F6F85D33-AB70-409E-881E-A578C73A8C5E}
	EndGlobalSection
EndGlobal
