
Microsoft Visual Studio Solution File, Format Version 10.00
# Visual Studio 2008
Project("{FAE04EC0-301F-11D3-BF4B-00C04F79EFBC}") = "Specificity", "Specificity\Specificity.csproj", "{53E8972A-1B58-4B0A-B2F3-79A2FCB77C22}"
EndProject
Project("{2150E333-8FDC-42A3-9474-1A3956D46DE8}") = "Solution Items", "Solution Items", "{811C576B-0ECB-45FE-9063-EB0756738E9A}"
	ProjectSection(SolutionItems) = preProject
		LocalTestRun.testrunconfig = LocalTestRun.testrunconfig
		SolutionInfo.cs = SolutionInfo.cs
		Specificity.vsmdi = Specificity.vsmdi
	EndProjectSection
EndProject
Project("{FAE04EC0-301F-11D3-BF4B-00C04F79EFBC}") = "Banking", "Banking\Banking.csproj", "{BC96DD7B-2550-4474-A6FC-A5456BF596A4}"
EndProject
Project("{FAE04EC0-301F-11D3-BF4B-00C04F79EFBC}") = "Specificity.NUnit", "Specificity.NUnit\Specificity.NUnit.csproj", "{F712C4F0-B05E-4BD0-A01E-C18C2EC42583}"
EndProject
Project("{FAE04EC0-301F-11D3-BF4B-00C04F79EFBC}") = "Banking.NUnit", "Banking.NUnit\Banking.NUnit.csproj", "{164DC740-4C2E-4521-BB97-D58EB9EC9EAF}"
EndProject
Global
	GlobalSection(SolutionConfigurationPlatforms) = preSolution
		Debug|Any CPU = Debug|Any CPU
		Release|Any CPU = Release|Any CPU
	EndGlobalSection
	GlobalSection(ProjectConfigurationPlatforms) = postSolution
		{53E8972A-1B58-4B0A-B2F3-79A2FCB77C22}.Debug|Any CPU.ActiveCfg = Debug|Any CPU
		{53E8972A-1B58-4B0A-B2F3-79A2FCB77C22}.Debug|Any CPU.Build.0 = Debug|Any CPU
		{53E8972A-1B58-4B0A-B2F3-79A2FCB77C22}.Release|Any CPU.ActiveCfg = Release|Any CPU
		{53E8972A-1B58-4B0A-B2F3-79A2FCB77C22}.Release|Any CPU.Build.0 = Release|Any CPU
		{BC96DD7B-2550-4474-A6FC-A5456BF596A4}.Debug|Any CPU.ActiveCfg = Debug|Any CPU
		{BC96DD7B-2550-4474-A6FC-A5456BF596A4}.Debug|Any CPU.Build.0 = Debug|Any CPU
		{BC96DD7B-2550-4474-A6FC-A5456BF596A4}.Release|Any CPU.ActiveCfg = Release|Any CPU
		{BC96DD7B-2550-4474-A6FC-A5456BF596A4}.Release|Any CPU.Build.0 = Release|Any CPU
		{F712C4F0-B05E-4BD0-A01E-C18C2EC42583}.Debug|Any CPU.ActiveCfg = Debug|Any CPU
		{F712C4F0-B05E-4BD0-A01E-C18C2EC42583}.Debug|Any CPU.Build.0 = Debug|Any CPU
		{F712C4F0-B05E-4BD0-A01E-C18C2EC42583}.Release|Any CPU.ActiveCfg = Release|Any CPU
		{F712C4F0-B05E-4BD0-A01E-C18C2EC42583}.Release|Any CPU.Build.0 = Release|Any CPU
		{164DC740-4C2E-4521-BB97-D58EB9EC9EAF}.Debug|Any CPU.ActiveCfg = Debug|Any CPU
		{164DC740-4C2E-4521-BB97-D58EB9EC9EAF}.Debug|Any CPU.Build.0 = Debug|Any CPU
		{164DC740-4C2E-4521-BB97-D58EB9EC9EAF}.Release|Any CPU.ActiveCfg = Release|Any CPU
		{164DC740-4C2E-4521-BB97-D58EB9EC9EAF}.Release|Any CPU.Build.0 = Release|Any CPU
	EndGlobalSection
	GlobalSection(SolutionProperties) = preSolution
		HideSolutionNode = FALSE
	EndGlobalSection
EndGlobal
