
Microsoft Visual Studio Solution File, Format Version 10.00
# Visual Studio 2008
Project("{FAE04EC0-301F-11D3-BF4B-00C04F79EFBC}") = "Specificity", "Specificity\Specificity.csproj", "{53E8972A-1B58-4B0A-B2F3-79A2FCB77C22}"
EndProject
Project("{FAE04EC0-301F-11D3-BF4B-00C04F79EFBC}") = "SpecificityTests", "SpecificityTests\SpecificityTests.csproj", "{5005B7E7-4AA3-4547-9884-3F2D7A61008F}"
EndProject
Project("{2150E333-8FDC-42A3-9474-1A3956D46DE8}") = "Solution Items", "Solution Items", "{811C576B-0ECB-45FE-9063-EB0756738E9A}"
	ProjectSection(SolutionItems) = preProject
		build.proj = build.proj
		LocalTestRun.testrunconfig = LocalTestRun.testrunconfig
		SolutionInfo.cs = SolutionInfo.cs
		specificity.snk = specificity.snk
		Specificity.vsmdi = Specificity.vsmdi
	EndProjectSection
EndProject
Project("{FAE04EC0-301F-11D3-BF4B-00C04F79EFBC}") = "Specificity.MSTest", "Specificity.MSTest\Specificity.MSTest.csproj", "{9B171681-2D34-4616-BCA2-3EDE71B2404D}"
EndProject
Project("{FAE04EC0-301F-11D3-BF4B-00C04F79EFBC}") = "Banking", "Banking\Banking.csproj", "{BC96DD7B-2550-4474-A6FC-A5456BF596A4}"
EndProject
Project("{FAE04EC0-301F-11D3-BF4B-00C04F79EFBC}") = "Banking.MSTest", "Banking.MSTest\Banking.MSTest.csproj", "{A979426A-F027-4059-8305-7FC3A523AA6C}"
EndProject
Project("{FAE04EC0-301F-11D3-BF4B-00C04F79EFBC}") = "Specificity.MbUnit", "Specificity.MbUnit\Specificity.MbUnit.csproj", "{34B4813B-737D-48F9-AC55-4F143F3D8AAA}"
EndProject
Project("{FAE04EC0-301F-11D3-BF4B-00C04F79EFBC}") = "Banking.MbUnit", "Banking.MbUnit\Banking.MbUnit.csproj", "{68351BB3-A01D-47CB-B92A-53688BB62188}"
EndProject
Project("{FAE04EC0-301F-11D3-BF4B-00C04F79EFBC}") = "Specificity.csUnit", "Specificity.csUnit\Specificity.csUnit.csproj", "{AA181311-B52C-463E-BF4E-1FF3F76A8238}"
EndProject
Project("{FAE04EC0-301F-11D3-BF4B-00C04F79EFBC}") = "Banking.csUnit", "Banking.csUnit\Banking.csUnit.csproj", "{4DB42C90-D7FA-440C-B242-BCE4A27EDED3}"
EndProject
Project("{FAE04EC0-301F-11D3-BF4B-00C04F79EFBC}") = "Specificity.NUnit", "Specificity.NUnit\Specificity.NUnit.csproj", "{F712C4F0-B05E-4BD0-A01E-C18C2EC42583}"
EndProject
Project("{FAE04EC0-301F-11D3-BF4B-00C04F79EFBC}") = "Banking.NUnit", "Banking.NUnit\Banking.NUnit.csproj", "{164DC740-4C2E-4521-BB97-D58EB9EC9EAF}"
EndProject
Project("{FAE04EC0-301F-11D3-BF4B-00C04F79EFBC}") = "Specificity.xUnit", "Specificity.xUnit\Specificity.xUnit.csproj", "{2C9DBF39-72FE-48A1-9F1B-F3A20F5733B8}"
EndProject
Project("{FAE04EC0-301F-11D3-BF4B-00C04F79EFBC}") = "Banking.xUnit", "Banking.xUnit\Banking.xUnit.csproj", "{C128D3EA-35E2-4622-9AC1-53831622ECA0}"
EndProject
Project("{FAE04EC0-301F-11D3-BF4B-00C04F79EFBC}") = "SpecificityDocs", "SpecificityDocs\SpecificityDocs.csproj", "{030F6F13-5A13-4FFA-BD1B-7B517BF6F739}"
EndProject
Project("{930C7802-8A8C-48F9-8165-68863BCCD9DD}") = "WixSpecificity", "WixSpecificity\WixSpecificity.wixproj", "{45B7452F-4FB9-40B1-A22B-AC48322E603C}"
EndProject
Global
	GlobalSection(TestCaseManagementSettings) = postSolution
		CategoryFile = Specificity.vsmdi
	EndGlobalSection
	GlobalSection(SolutionConfigurationPlatforms) = preSolution
		Debug|Any CPU = Debug|Any CPU
		Debug|Mixed Platforms = Debug|Mixed Platforms
		Debug|x86 = Debug|x86
		Release|Any CPU = Release|Any CPU
		Release|Mixed Platforms = Release|Mixed Platforms
		Release|x86 = Release|x86
	EndGlobalSection
	GlobalSection(ProjectConfigurationPlatforms) = postSolution
		{53E8972A-1B58-4B0A-B2F3-79A2FCB77C22}.Debug|Any CPU.ActiveCfg = Debug|Any CPU
		{53E8972A-1B58-4B0A-B2F3-79A2FCB77C22}.Debug|Any CPU.Build.0 = Debug|Any CPU
		{53E8972A-1B58-4B0A-B2F3-79A2FCB77C22}.Debug|Mixed Platforms.ActiveCfg = Debug|Any CPU
		{53E8972A-1B58-4B0A-B2F3-79A2FCB77C22}.Debug|Mixed Platforms.Build.0 = Debug|Any CPU
		{53E8972A-1B58-4B0A-B2F3-79A2FCB77C22}.Debug|x86.ActiveCfg = Debug|Any CPU
		{53E8972A-1B58-4B0A-B2F3-79A2FCB77C22}.Release|Any CPU.ActiveCfg = Release|Any CPU
		{53E8972A-1B58-4B0A-B2F3-79A2FCB77C22}.Release|Any CPU.Build.0 = Release|Any CPU
		{53E8972A-1B58-4B0A-B2F3-79A2FCB77C22}.Release|Mixed Platforms.ActiveCfg = Release|Any CPU
		{53E8972A-1B58-4B0A-B2F3-79A2FCB77C22}.Release|Mixed Platforms.Build.0 = Release|Any CPU
		{53E8972A-1B58-4B0A-B2F3-79A2FCB77C22}.Release|x86.ActiveCfg = Release|Any CPU
		{5005B7E7-4AA3-4547-9884-3F2D7A61008F}.Debug|Any CPU.ActiveCfg = Debug|Any CPU
		{5005B7E7-4AA3-4547-9884-3F2D7A61008F}.Debug|Any CPU.Build.0 = Debug|Any CPU
		{5005B7E7-4AA3-4547-9884-3F2D7A61008F}.Debug|Mixed Platforms.ActiveCfg = Debug|Any CPU
		{5005B7E7-4AA3-4547-9884-3F2D7A61008F}.Debug|Mixed Platforms.Build.0 = Debug|Any CPU
		{5005B7E7-4AA3-4547-9884-3F2D7A61008F}.Debug|x86.ActiveCfg = Debug|Any CPU
		{5005B7E7-4AA3-4547-9884-3F2D7A61008F}.Release|Any CPU.ActiveCfg = Release|Any CPU
		{5005B7E7-4AA3-4547-9884-3F2D7A61008F}.Release|Any CPU.Build.0 = Release|Any CPU
		{5005B7E7-4AA3-4547-9884-3F2D7A61008F}.Release|Mixed Platforms.ActiveCfg = Release|Any CPU
		{5005B7E7-4AA3-4547-9884-3F2D7A61008F}.Release|Mixed Platforms.Build.0 = Release|Any CPU
		{5005B7E7-4AA3-4547-9884-3F2D7A61008F}.Release|x86.ActiveCfg = Release|Any CPU
		{9B171681-2D34-4616-BCA2-3EDE71B2404D}.Debug|Any CPU.ActiveCfg = Debug|Any CPU
		{9B171681-2D34-4616-BCA2-3EDE71B2404D}.Debug|Any CPU.Build.0 = Debug|Any CPU
		{9B171681-2D34-4616-BCA2-3EDE71B2404D}.Debug|Mixed Platforms.ActiveCfg = Debug|Any CPU
		{9B171681-2D34-4616-BCA2-3EDE71B2404D}.Debug|Mixed Platforms.Build.0 = Debug|Any CPU
		{9B171681-2D34-4616-BCA2-3EDE71B2404D}.Debug|x86.ActiveCfg = Debug|Any CPU
		{9B171681-2D34-4616-BCA2-3EDE71B2404D}.Release|Any CPU.ActiveCfg = Release|Any CPU
		{9B171681-2D34-4616-BCA2-3EDE71B2404D}.Release|Any CPU.Build.0 = Release|Any CPU
		{9B171681-2D34-4616-BCA2-3EDE71B2404D}.Release|Mixed Platforms.ActiveCfg = Release|Any CPU
		{9B171681-2D34-4616-BCA2-3EDE71B2404D}.Release|Mixed Platforms.Build.0 = Release|Any CPU
		{9B171681-2D34-4616-BCA2-3EDE71B2404D}.Release|x86.ActiveCfg = Release|Any CPU
		{BC96DD7B-2550-4474-A6FC-A5456BF596A4}.Debug|Any CPU.ActiveCfg = Debug|Any CPU
		{BC96DD7B-2550-4474-A6FC-A5456BF596A4}.Debug|Any CPU.Build.0 = Debug|Any CPU
		{BC96DD7B-2550-4474-A6FC-A5456BF596A4}.Debug|Mixed Platforms.ActiveCfg = Debug|Any CPU
		{BC96DD7B-2550-4474-A6FC-A5456BF596A4}.Debug|Mixed Platforms.Build.0 = Debug|Any CPU
		{BC96DD7B-2550-4474-A6FC-A5456BF596A4}.Debug|x86.ActiveCfg = Debug|Any CPU
		{BC96DD7B-2550-4474-A6FC-A5456BF596A4}.Release|Any CPU.ActiveCfg = Release|Any CPU
		{BC96DD7B-2550-4474-A6FC-A5456BF596A4}.Release|Any CPU.Build.0 = Release|Any CPU
		{BC96DD7B-2550-4474-A6FC-A5456BF596A4}.Release|Mixed Platforms.ActiveCfg = Release|Any CPU
		{BC96DD7B-2550-4474-A6FC-A5456BF596A4}.Release|Mixed Platforms.Build.0 = Release|Any CPU
		{BC96DD7B-2550-4474-A6FC-A5456BF596A4}.Release|x86.ActiveCfg = Release|Any CPU
		{A979426A-F027-4059-8305-7FC3A523AA6C}.Debug|Any CPU.ActiveCfg = Debug|Any CPU
		{A979426A-F027-4059-8305-7FC3A523AA6C}.Debug|Any CPU.Build.0 = Debug|Any CPU
		{A979426A-F027-4059-8305-7FC3A523AA6C}.Debug|Mixed Platforms.ActiveCfg = Debug|Any CPU
		{A979426A-F027-4059-8305-7FC3A523AA6C}.Debug|Mixed Platforms.Build.0 = Debug|Any CPU
		{A979426A-F027-4059-8305-7FC3A523AA6C}.Debug|x86.ActiveCfg = Debug|Any CPU
		{A979426A-F027-4059-8305-7FC3A523AA6C}.Release|Any CPU.ActiveCfg = Release|Any CPU
		{A979426A-F027-4059-8305-7FC3A523AA6C}.Release|Any CPU.Build.0 = Release|Any CPU
		{A979426A-F027-4059-8305-7FC3A523AA6C}.Release|Mixed Platforms.ActiveCfg = Release|Any CPU
		{A979426A-F027-4059-8305-7FC3A523AA6C}.Release|Mixed Platforms.Build.0 = Release|Any CPU
		{A979426A-F027-4059-8305-7FC3A523AA6C}.Release|x86.ActiveCfg = Release|Any CPU
		{34B4813B-737D-48F9-AC55-4F143F3D8AAA}.Debug|Any CPU.ActiveCfg = Debug|Any CPU
		{34B4813B-737D-48F9-AC55-4F143F3D8AAA}.Debug|Any CPU.Build.0 = Debug|Any CPU
		{34B4813B-737D-48F9-AC55-4F143F3D8AAA}.Debug|Mixed Platforms.ActiveCfg = Debug|Any CPU
		{34B4813B-737D-48F9-AC55-4F143F3D8AAA}.Debug|Mixed Platforms.Build.0 = Debug|Any CPU
		{34B4813B-737D-48F9-AC55-4F143F3D8AAA}.Debug|x86.ActiveCfg = Debug|Any CPU
		{34B4813B-737D-48F9-AC55-4F143F3D8AAA}.Release|Any CPU.ActiveCfg = Release|Any CPU
		{34B4813B-737D-48F9-AC55-4F143F3D8AAA}.Release|Any CPU.Build.0 = Release|Any CPU
		{34B4813B-737D-48F9-AC55-4F143F3D8AAA}.Release|Mixed Platforms.ActiveCfg = Release|Any CPU
		{34B4813B-737D-48F9-AC55-4F143F3D8AAA}.Release|Mixed Platforms.Build.0 = Release|Any CPU
		{34B4813B-737D-48F9-AC55-4F143F3D8AAA}.Release|x86.ActiveCfg = Release|Any CPU
		{68351BB3-A01D-47CB-B92A-53688BB62188}.Debug|Any CPU.ActiveCfg = Debug|Any CPU
		{68351BB3-A01D-47CB-B92A-53688BB62188}.Debug|Any CPU.Build.0 = Debug|Any CPU
		{68351BB3-A01D-47CB-B92A-53688BB62188}.Debug|Mixed Platforms.ActiveCfg = Debug|Any CPU
		{68351BB3-A01D-47CB-B92A-53688BB62188}.Debug|Mixed Platforms.Build.0 = Debug|Any CPU
		{68351BB3-A01D-47CB-B92A-53688BB62188}.Debug|x86.ActiveCfg = Debug|Any CPU
		{68351BB3-A01D-47CB-B92A-53688BB62188}.Release|Any CPU.ActiveCfg = Release|Any CPU
		{68351BB3-A01D-47CB-B92A-53688BB62188}.Release|Any CPU.Build.0 = Release|Any CPU
		{68351BB3-A01D-47CB-B92A-53688BB62188}.Release|Mixed Platforms.ActiveCfg = Release|Any CPU
		{68351BB3-A01D-47CB-B92A-53688BB62188}.Release|Mixed Platforms.Build.0 = Release|Any CPU
		{68351BB3-A01D-47CB-B92A-53688BB62188}.Release|x86.ActiveCfg = Release|Any CPU
		{AA181311-B52C-463E-BF4E-1FF3F76A8238}.Debug|Any CPU.ActiveCfg = Debug|Any CPU
		{AA181311-B52C-463E-BF4E-1FF3F76A8238}.Debug|Any CPU.Build.0 = Debug|Any CPU
		{AA181311-B52C-463E-BF4E-1FF3F76A8238}.Debug|Mixed Platforms.ActiveCfg = Debug|Any CPU
		{AA181311-B52C-463E-BF4E-1FF3F76A8238}.Debug|Mixed Platforms.Build.0 = Debug|Any CPU
		{AA181311-B52C-463E-BF4E-1FF3F76A8238}.Debug|x86.ActiveCfg = Debug|Any CPU
		{AA181311-B52C-463E-BF4E-1FF3F76A8238}.Release|Any CPU.ActiveCfg = Release|Any CPU
		{AA181311-B52C-463E-BF4E-1FF3F76A8238}.Release|Any CPU.Build.0 = Release|Any CPU
		{AA181311-B52C-463E-BF4E-1FF3F76A8238}.Release|Mixed Platforms.ActiveCfg = Release|Any CPU
		{AA181311-B52C-463E-BF4E-1FF3F76A8238}.Release|Mixed Platforms.Build.0 = Release|Any CPU
		{AA181311-B52C-463E-BF4E-1FF3F76A8238}.Release|x86.ActiveCfg = Release|Any CPU
		{4DB42C90-D7FA-440C-B242-BCE4A27EDED3}.Debug|Any CPU.ActiveCfg = Debug|Any CPU
		{4DB42C90-D7FA-440C-B242-BCE4A27EDED3}.Debug|Any CPU.Build.0 = Debug|Any CPU
		{4DB42C90-D7FA-440C-B242-BCE4A27EDED3}.Debug|Mixed Platforms.ActiveCfg = Debug|Any CPU
		{4DB42C90-D7FA-440C-B242-BCE4A27EDED3}.Debug|Mixed Platforms.Build.0 = Debug|Any CPU
		{4DB42C90-D7FA-440C-B242-BCE4A27EDED3}.Debug|x86.ActiveCfg = Debug|Any CPU
		{4DB42C90-D7FA-440C-B242-BCE4A27EDED3}.Release|Any CPU.ActiveCfg = Release|Any CPU
		{4DB42C90-D7FA-440C-B242-BCE4A27EDED3}.Release|Any CPU.Build.0 = Release|Any CPU
		{4DB42C90-D7FA-440C-B242-BCE4A27EDED3}.Release|Mixed Platforms.ActiveCfg = Release|Any CPU
		{4DB42C90-D7FA-440C-B242-BCE4A27EDED3}.Release|Mixed Platforms.Build.0 = Release|Any CPU
		{4DB42C90-D7FA-440C-B242-BCE4A27EDED3}.Release|x86.ActiveCfg = Release|Any CPU
		{F712C4F0-B05E-4BD0-A01E-C18C2EC42583}.Debug|Any CPU.ActiveCfg = Debug|Any CPU
		{F712C4F0-B05E-4BD0-A01E-C18C2EC42583}.Debug|Any CPU.Build.0 = Debug|Any CPU
		{F712C4F0-B05E-4BD0-A01E-C18C2EC42583}.Debug|Mixed Platforms.ActiveCfg = Debug|Any CPU
		{F712C4F0-B05E-4BD0-A01E-C18C2EC42583}.Debug|Mixed Platforms.Build.0 = Debug|Any CPU
		{F712C4F0-B05E-4BD0-A01E-C18C2EC42583}.Debug|x86.ActiveCfg = Debug|Any CPU
		{F712C4F0-B05E-4BD0-A01E-C18C2EC42583}.Release|Any CPU.ActiveCfg = Release|Any CPU
		{F712C4F0-B05E-4BD0-A01E-C18C2EC42583}.Release|Any CPU.Build.0 = Release|Any CPU
		{F712C4F0-B05E-4BD0-A01E-C18C2EC42583}.Release|Mixed Platforms.ActiveCfg = Release|Any CPU
		{F712C4F0-B05E-4BD0-A01E-C18C2EC42583}.Release|Mixed Platforms.Build.0 = Release|Any CPU
		{F712C4F0-B05E-4BD0-A01E-C18C2EC42583}.Release|x86.ActiveCfg = Release|Any CPU
		{164DC740-4C2E-4521-BB97-D58EB9EC9EAF}.Debug|Any CPU.ActiveCfg = Debug|Any CPU
		{164DC740-4C2E-4521-BB97-D58EB9EC9EAF}.Debug|Any CPU.Build.0 = Debug|Any CPU
		{164DC740-4C2E-4521-BB97-D58EB9EC9EAF}.Debug|Mixed Platforms.ActiveCfg = Debug|Any CPU
		{164DC740-4C2E-4521-BB97-D58EB9EC9EAF}.Debug|Mixed Platforms.Build.0 = Debug|Any CPU
		{164DC740-4C2E-4521-BB97-D58EB9EC9EAF}.Debug|x86.ActiveCfg = Debug|Any CPU
		{164DC740-4C2E-4521-BB97-D58EB9EC9EAF}.Release|Any CPU.ActiveCfg = Release|Any CPU
		{164DC740-4C2E-4521-BB97-D58EB9EC9EAF}.Release|Any CPU.Build.0 = Release|Any CPU
		{164DC740-4C2E-4521-BB97-D58EB9EC9EAF}.Release|Mixed Platforms.ActiveCfg = Release|Any CPU
		{164DC740-4C2E-4521-BB97-D58EB9EC9EAF}.Release|Mixed Platforms.Build.0 = Release|Any CPU
		{164DC740-4C2E-4521-BB97-D58EB9EC9EAF}.Release|x86.ActiveCfg = Release|Any CPU
		{2C9DBF39-72FE-48A1-9F1B-F3A20F5733B8}.Debug|Any CPU.ActiveCfg = Debug|Any CPU
		{2C9DBF39-72FE-48A1-9F1B-F3A20F5733B8}.Debug|Any CPU.Build.0 = Debug|Any CPU
		{2C9DBF39-72FE-48A1-9F1B-F3A20F5733B8}.Debug|Mixed Platforms.ActiveCfg = Debug|Any CPU
		{2C9DBF39-72FE-48A1-9F1B-F3A20F5733B8}.Debug|Mixed Platforms.Build.0 = Debug|Any CPU
		{2C9DBF39-72FE-48A1-9F1B-F3A20F5733B8}.Debug|x86.ActiveCfg = Debug|Any CPU
		{2C9DBF39-72FE-48A1-9F1B-F3A20F5733B8}.Release|Any CPU.ActiveCfg = Release|Any CPU
		{2C9DBF39-72FE-48A1-9F1B-F3A20F5733B8}.Release|Any CPU.Build.0 = Release|Any CPU
		{2C9DBF39-72FE-48A1-9F1B-F3A20F5733B8}.Release|Mixed Platforms.ActiveCfg = Release|Any CPU
		{2C9DBF39-72FE-48A1-9F1B-F3A20F5733B8}.Release|Mixed Platforms.Build.0 = Release|Any CPU
		{2C9DBF39-72FE-48A1-9F1B-F3A20F5733B8}.Release|x86.ActiveCfg = Release|Any CPU
		{C128D3EA-35E2-4622-9AC1-53831622ECA0}.Debug|Any CPU.ActiveCfg = Debug|Any CPU
		{C128D3EA-35E2-4622-9AC1-53831622ECA0}.Debug|Any CPU.Build.0 = Debug|Any CPU
		{C128D3EA-35E2-4622-9AC1-53831622ECA0}.Debug|Mixed Platforms.ActiveCfg = Debug|Any CPU
		{C128D3EA-35E2-4622-9AC1-53831622ECA0}.Debug|Mixed Platforms.Build.0 = Debug|Any CPU
		{C128D3EA-35E2-4622-9AC1-53831622ECA0}.Debug|x86.ActiveCfg = Debug|Any CPU
		{C128D3EA-35E2-4622-9AC1-53831622ECA0}.Release|Any CPU.ActiveCfg = Release|Any CPU
		{C128D3EA-35E2-4622-9AC1-53831622ECA0}.Release|Any CPU.Build.0 = Release|Any CPU
		{C128D3EA-35E2-4622-9AC1-53831622ECA0}.Release|Mixed Platforms.ActiveCfg = Release|Any CPU
		{C128D3EA-35E2-4622-9AC1-53831622ECA0}.Release|Mixed Platforms.Build.0 = Release|Any CPU
		{C128D3EA-35E2-4622-9AC1-53831622ECA0}.Release|x86.ActiveCfg = Release|Any CPU
		{030F6F13-5A13-4FFA-BD1B-7B517BF6F739}.Debug|Any CPU.ActiveCfg = Debug|Any CPU
		{030F6F13-5A13-4FFA-BD1B-7B517BF6F739}.Debug|Any CPU.Build.0 = Debug|Any CPU
		{030F6F13-5A13-4FFA-BD1B-7B517BF6F739}.Debug|Mixed Platforms.ActiveCfg = Debug|Any CPU
		{030F6F13-5A13-4FFA-BD1B-7B517BF6F739}.Debug|Mixed Platforms.Build.0 = Debug|Any CPU
		{030F6F13-5A13-4FFA-BD1B-7B517BF6F739}.Debug|x86.ActiveCfg = Debug|Any CPU
		{030F6F13-5A13-4FFA-BD1B-7B517BF6F739}.Release|Any CPU.ActiveCfg = Release|Any CPU
		{030F6F13-5A13-4FFA-BD1B-7B517BF6F739}.Release|Any CPU.Build.0 = Release|Any CPU
		{030F6F13-5A13-4FFA-BD1B-7B517BF6F739}.Release|Mixed Platforms.ActiveCfg = Release|Any CPU
		{030F6F13-5A13-4FFA-BD1B-7B517BF6F739}.Release|Mixed Platforms.Build.0 = Release|Any CPU
		{030F6F13-5A13-4FFA-BD1B-7B517BF6F739}.Release|x86.ActiveCfg = Release|Any CPU
		{45B7452F-4FB9-40B1-A22B-AC48322E603C}.Debug|Any CPU.ActiveCfg = Debug|x86
		{45B7452F-4FB9-40B1-A22B-AC48322E603C}.Debug|Mixed Platforms.ActiveCfg = Debug|x86
		{45B7452F-4FB9-40B1-A22B-AC48322E603C}.Debug|Mixed Platforms.Build.0 = Debug|x86
		{45B7452F-4FB9-40B1-A22B-AC48322E603C}.Debug|x86.ActiveCfg = Debug|x86
		{45B7452F-4FB9-40B1-A22B-AC48322E603C}.Debug|x86.Build.0 = Debug|x86
		{45B7452F-4FB9-40B1-A22B-AC48322E603C}.Release|Any CPU.ActiveCfg = Release|x86
		{45B7452F-4FB9-40B1-A22B-AC48322E603C}.Release|Mixed Platforms.ActiveCfg = Release|x86
		{45B7452F-4FB9-40B1-A22B-AC48322E603C}.Release|Mixed Platforms.Build.0 = Release|x86
		{45B7452F-4FB9-40B1-A22B-AC48322E603C}.Release|x86.ActiveCfg = Release|x86
		{45B7452F-4FB9-40B1-A22B-AC48322E603C}.Release|x86.Build.0 = Release|x86
	EndGlobalSection
	GlobalSection(SolutionProperties) = preSolution
		HideSolutionNode = FALSE
	EndGlobalSection
EndGlobal
